
Microsoft Visual Studio Solution File, Format Version 12.00
# Visual Studio 15
VisualStudioVersion = 15.0.28307.489
MinimumVisualStudioVersion = 10.0.40219.1
Project("{9A19103F-16F7-4668-BE54-9A1E7A4F7556}") = "Reso_ProductAPI", "Reso_ProductAPI\Reso_ProductAPI.csproj", "{99E15A9F-2EA3-45BA-9557-22A2360CCAF4}"
EndProject
Project("{9A19103F-16F7-4668-BE54-9A1E7A4F7556}") = "DataService", "DataService\DataService.csproj", "{206A2839-5FDC-48C6-AFA0-42D8E1BF7709}"
EndProject
Project("{FAE04EC0-301F-11D3-BF4B-00C04F79EFBC}") = "ProductAPIClientV1.0", "ProductAPIClientV1.0\ProductAPIClientV1.0.csproj", "{292BB158-C87D-48AD-BFF6-2C29BBF565A1}"
EndProject
Project("{FAE04EC0-301F-11D3-BF4B-00C04F79EFBC}") = "ProductAPIClientTest", "ProductAPIClientTest\ProductAPIClientTest.csproj", "{FA7CDF80-B620-4E75-9B89-D5B3CE8BDC27}"
EndProject
Global
	GlobalSection(SolutionConfigurationPlatforms) = preSolution
		Debug|Any CPU = Debug|Any CPU
		Release|Any CPU = Release|Any CPU
	EndGlobalSection
	GlobalSection(ProjectConfigurationPlatforms) = postSolution
		{99E15A9F-2EA3-45BA-9557-22A2360CCAF4}.Debug|Any CPU.ActiveCfg = Debug|Any CPU
		{99E15A9F-2EA3-45BA-9557-22A2360CCAF4}.Debug|Any CPU.Build.0 = Debug|Any CPU
		{99E15A9F-2EA3-45BA-9557-22A2360CCAF4}.Release|Any CPU.ActiveCfg = Release|Any CPU
		{99E15A9F-2EA3-45BA-9557-22A2360CCAF4}.Release|Any CPU.Build.0 = Release|Any CPU
		{206A2839-5FDC-48C6-AFA0-42D8E1BF7709}.Debug|Any CPU.ActiveCfg = Debug|Any CPU
		{206A2839-5FDC-48C6-AFA0-42D8E1BF7709}.Debug|Any CPU.Build.0 = Debug|Any CPU
		{206A2839-5FDC-48C6-AFA0-42D8E1BF7709}.Release|Any CPU.ActiveCfg = Release|Any CPU
		{206A2839-5FDC-48C6-AFA0-42D8E1BF7709}.Release|Any CPU.Build.0 = Release|Any CPU
		{292BB158-C87D-48AD-BFF6-2C29BBF565A1}.Debug|Any CPU.ActiveCfg = Debug|Any CPU
		{292BB158-C87D-48AD-BFF6-2C29BBF565A1}.Debug|Any CPU.Build.0 = Debug|Any CPU
		{292BB158-C87D-48AD-BFF6-2C29BBF565A1}.Release|Any CPU.ActiveCfg = Release|Any CPU
		{292BB158-C87D-48AD-BFF6-2C29BBF565A1}.Release|Any CPU.Build.0 = Release|Any CPU
		{FA7CDF80-B620-4E75-9B89-D5B3CE8BDC27}.Debug|Any CPU.ActiveCfg = Debug|Any CPU
		{FA7CDF80-B620-4E75-9B89-D5B3CE8BDC27}.Debug|Any CPU.Build.0 = Debug|Any CPU
		{FA7CDF80-B620-4E75-9B89-D5B3CE8BDC27}.Release|Any CPU.ActiveCfg = Release|Any CPU
		{FA7CDF80-B620-4E75-9B89-D5B3CE8BDC27}.Release|Any CPU.Build.0 = Release|Any CPU
	EndGlobalSection
	GlobalSection(SolutionProperties) = preSolution
		HideSolutionNode = FALSE
	EndGlobalSection
	GlobalSection(ExtensibilityGlobals) = postSolution
		SolutionGuid = {4CB8462C-9B09-42B6-B4C6-C28F53DB4218}
	EndGlobalSection
EndGlobal
